{
  "name": "pwcat",
  "version": "0.0.0",
  "lockfileVersion": 1,
  "requires": true,
  "dependencies": {
    "@angular-devkit/build-angular": {
      "version": "0.7.3",
      "resolved": "https://registry.npmjs.org/@angular-devkit/build-angular/-/build-angular-0.7.3.tgz",
      "integrity": "sha512-9FM5Yvni2Rv0Ak4Peeamh2ECCDfB6TiNx6Dsrotx0y2elmRDZkd7REKG3KLsaREM6B6wtbb55p9LoGO9R9rxDg==",
      "dev": true
    },
    "@angular/animations": {
      "version": "6.1.3",
      "resolved": "https://registry.npmjs.org/@angular/animations/-/animations-6.1.3.tgz",
      "integrity": "sha512-uLKq+bdfo+/jLW/C6lkUVsB7m+e8j18MjZGHlphI07jW6KvutX+AXdPUI/RMkkWRjZp11aF727PAQ6y3DyqB+Q=="
    },
    "@angular/cdk": {
      "version": "6.4.5",
      "resolved": "https://registry.npmjs.org/@angular/cdk/-/cdk-6.4.5.tgz",
      "integrity": "sha512-bbz8lHzY1NXPqrvHcZTOOD6+BiDNPKXC00xwzls62NPmiueBaWGwQdk7s3sa/0kCyq1ZKrPD3KQIDMyytxlzzw=="
    },
    "@angular/cli": {
      "version": "6.1.3",
      "resolved": "https://registry.npmjs.org/@angular/cli/-/cli-6.1.3.tgz",
      "integrity": "sha512-S0uVQKKWETeX/mZ0WEZ2f+4xHArEtJ1hRl4GWKZEzU+vpptVnUXDDLC5aiN1ArfEcI1TShDsdhRSYSfccif2xA==",
      "dev": true,
      "dependencies": {
        "camelcase": {
          "version": "4.1.0",
          "resolved": "https://registry.npmjs.org/camelcase/-/camelcase-4.1.0.tgz",
          "integrity": "sha1-1UVjW+HjPFQmScaRc+Xeas+uNN0="
        },
        "yargs-parser": {
          "version": "10.1.0",
          "resolved": "https://registry.npmjs.org/yargs-parser/-/yargs-parser-10.1.0.tgz",
          "integrity": "sha512-VCIyR1wJoEBZUqk5PA+oOBF6ypbwh5aNB3I50guxAL/quggdfs4TtNHQrSazFA3fYZ+tEqfs0zIGlv0c/rgjbQ=="
        }
      }
    },
    "@angular/common": {
      "version": "6.1.3",
      "resolved": "https://registry.npmjs.org/@angular/common/-/common-6.1.3.tgz",
      "integrity": "sha512-1V3pDdEty4hYsdpePlcNUE8rF1w1NP8LW6Q1ICNk86MI472W1U9ZTDFwCYcQYDiYMtzBrgXcnE1q6u1rqTdygQ=="
    },
    "@angular/compiler": {
      "version": "6.1.3",
      "resolved": "https://registry.npmjs.org/@angular/compiler/-/compiler-6.1.3.tgz",
      "integrity": "sha512-r8Nv4wo2QNmsGs/sjxcR6z6YG17TfaAAxAl/6yk3z3DNdDM76cBwTi9hurXlmZKPU6/2YFI+ZwvhBrGwaOZd5Q=="
    },
    "@angular/compiler-cli": {
      "version": "6.1.3",
      "resolved": "https://registry.npmjs.org/@angular/compiler-cli/-/compiler-cli-6.1.3.tgz",
      "integrity": "sha512-YSVoLMaCF0mvt0CPRGldKMCJDGju82XhsupbDOZsMddVG6hRl8dRbem7OChJp+8GV+UNsfbP/X2o4ERLROHXRA==",
      "dev": true,
      "dependencies": {
        "anymatch": {
          "version": "1.3.2",
          "resolved": "https://registry.npmjs.org/anymatch/-/anymatch-1.3.2.tgz",
          "integrity": "sha512-0XNayC8lTHQ2OI8aljNCN3sSx6hsr/1+rlcDAotXJR7C1oZZHCNsfpbKwMjRA3Uqb5tF1Rae2oloTr4xpq+WjA=="
        },
        "arr-diff": {
          "version": "2.0.0",
          "resolved": "https://registry.npmjs.org/arr-diff/-/arr-diff-2.0.0.tgz",
          "integrity": "sha1-jzuCf5Vai9ZpaX5KQlasPOrjVs8="
        },
        "array-unique": {
          "version": "0.2.1",
          "resolved": "https://registry.npmjs.org/array-unique/-/array-unique-0.2.1.tgz",
          "integrity": "sha1-odl8yvy8JiXMcPrc6zalDFiwGlM="
        },
        "braces": {
          "version": "1.8.5",
          "resolved": "https://registry.npmjs.org/braces/-/braces-1.8.5.tgz",
          "integrity": "sha1-uneWLhLf+WnWt2cR6RS3N4V79qc="
        },
        "chokidar": {
          "version": "1.7.0",
          "resolved": "https://registry.npmjs.org/chokidar/-/chokidar-1.7.0.tgz",
          "integrity": "sha1-eY5ol3gVHIB2tLNg5e3SjNortGg="
        },
        "expand-brackets": {
          "version": "0.1.5",
          "resolved": "https://registry.npmjs.org/expand-brackets/-/expand-brackets-0.1.5.tgz",
          "integrity": "sha1-3wcoTjQqgHzXM6xa9yQR5YHRF3s="
        },
        "extglob": {
          "version": "0.3.2",
          "resolved": "https://registry.npmjs.org/extglob/-/extglob-0.3.2.tgz",
          "integrity": "sha1-Lhj/PS9JqydlzskCPwEdqo2DSaE="
        },
        "glob-parent": {
          "version": "2.0.0",
          "resolved": "https://registry.npmjs.org/glob-parent/-/glob-parent-2.0.0.tgz",
          "integrity": "sha1-gTg9ctsFT8zPUzbaqQLxgvbtuyg="
        },
        "is-extglob": {
          "version": "1.0.0",
          "resolved": "https://registry.npmjs.org/is-extglob/-/is-extglob-1.0.0.tgz",
          "integrity": "sha1-rEaBd8SUNAWgkvyPKXYMb/xiBsA="
        },
        "is-glob": {
          "version": "2.0.1",
          "resolved": "https://registry.npmjs.org/is-glob/-/is-glob-2.0.1.tgz",
          "integrity": "sha1-0Jb5JqPe1WAPP9/ZEZjLCIjC2GM="
        },
        "kind-of": {
          "version": "3.2.2",
          "resolved": "https://registry.npmjs.org/kind-of/-/kind-of-3.2.2.tgz",
          "integrity": "sha1-MeohpzS6ubuw8yRm2JOupR5KPGQ="
        },
        "micromatch": {
          "version": "2.3.11",
          "resolved": "https://registry.npmjs.org/micromatch/-/micromatch-2.3.11.tgz",
          "integrity": "sha1-hmd8l9FyCzY0MdBNDRUpO9OMFWU="
        },
        "minimist": {
          "version": "1.2.0",
          "resolved": "https://registry.npmjs.org/minimist/-/minimist-1.2.0.tgz",
          "integrity": "sha1-o1AIsg9BOD7sH7kU9M1d95omQoQ="
        }
      }
    },
    "@angular/core": {
      "version": "6.1.3",
      "resolved": "https://registry.npmjs.org/@angular/core/-/core-6.1.3.tgz",
      "integrity": "sha512-pqRfQphqIEExhDWM3RRusvLY6gFN0zdITC7TqQy6Wof6VKgWOvfHiHPbiamw4kpEzflMekuOeNm0s6h6hIUnWA=="
    },
    "@angular/forms": {
      "version": "6.1.3",
      "resolved": "https://registry.npmjs.org/@angular/forms/-/forms-6.1.3.tgz",
      "integrity": "sha512-8pHVQ97S0W//GsYsGuGV/SyzkMAF/bcE1AqDg4HXNU3mKOl5lthfM+PxHz23Cdzkg/GVInwRNxUl2Q+6lb8zuw=="
    },
    "@angular/http": {
      "version": "6.1.3",
      "resolved": "https://registry.npmjs.org/@angular/http/-/http-6.1.3.tgz",
      "integrity": "sha512-1IZ+8i1gIoPDD57Yv/8fEjzdFfWM7nY5JZGyjWUkWxq/A19zjkR4C1nRCI6KiWHk0QFx2e1Sl6OFqyiphwhalw=="
    },
    "@angular/language-service": {
      "version": "6.1.3",
      "resolved": "https://registry.npmjs.org/@angular/language-service/-/language-service-6.1.3.tgz",
      "integrity": "sha512-cAIptulTWn1LGFTmRzBbNY4axhnyQl/YaocX0JqutmI+eaWTofSiDwHVB2spYSDTWhy9fg+OMK2KmhghpZmc1g==",
      "dev": true
    },
    "@angular/material": {
      "version": "6.4.5",
      "resolved": "https://registry.npmjs.org/@angular/material/-/material-6.4.5.tgz",
      "integrity": "sha512-3wDRfGqlRSo3CBA1XuPXSz7zAwZF5kotXEgbZhIAocv+nsXa73DyPNceAQ++Pu7rFR3ipg6McyggP0OCOgv7NQ==",
      "dependencies": {
        "parse5": {
          "version": "5.1.0",
          "resolved": "https://registry.npmjs.org/parse5/-/parse5-5.1.0.tgz",
          "integrity": "sha512-fxNG2sQjHvlVAYmzBZS9YlDp6PTSSDwa98vkD4QgVDDCAo84z5X1t5XyJQ62ImdLXx5NdIIfihey6xpum9/gRQ=="
        }
      }
    },
    "@angular/platform-browser": {
      "version": "6.1.3",
      "resolved": "https://registry.npmjs.org/@angular/platform-browser/-/platform-browser-6.1.3.tgz",
      "integrity": "sha512-ml844B5g8UtQaOK2QCdTRSTRHWa1elTbg4ph65GTs0lNMH/tLFNn8tvcPOfMh21ZV3fh6yqA6a9wMjSMTVSiWg=="
    },
    "@angular/platform-browser-dynamic": {
      "version": "6.1.3",
      "resolved": "https://registry.npmjs.org/@angular/platform-browser-dynamic/-/platform-browser-dynamic-6.1.3.tgz",
      "integrity": "sha512-6b4Y8f4yhuUJrAVsHyYWRbRSaIQUzZWSbYvWLVZeXnt4HKzRhX+zO5yTA/eXCXAce+fRIU239FbkeyqtpuogPQ=="
    },
    "@angular/pwa": {
      "version": "0.7.4",
      "resolved": "https://registry.npmjs.org/@angular/pwa/-/pwa-0.7.4.tgz",
      "integrity": "sha512-JfiJXgySr7uFLuKhjLCDx4C5wAIWrOE8Kw+GizjHD6wctTLQEFRI1bQDtnzkZrw47ld9P3xSR68ZWTl+MsBx5g==",
      "dependencies": {
        "@angular-devkit/core": {
          "version": "0.7.4",
          "resolved": "https://registry.npmjs.org/@angular-devkit/core/-/core-0.7.4.tgz",
          "integrity": "sha512-Blh44vzZVzE8B9xIwjRoo7hXPGSDdlrrax0rntvt3DDGVTjsSGm43qT95aDmXiwJruOCJNC5DsaP3+tTAkAyQQ=="
        },
        "@angular-devkit/schematics": {
          "version": "0.7.4",
          "resolved": "https://registry.npmjs.org/@angular-devkit/schematics/-/schematics-0.7.4.tgz",
          "integrity": "sha512-Gkm2mBMm6a0mNKqZsAcS42VaO7zNSIXhIKbMyZQIcQ1ZMwbsx+Rs0dliQwFVfEVCNGc1pjh0Idc5O5V/g/N5Fw=="
        },
        "@schematics/angular": {
          "version": "0.7.4",
          "resolved": "https://registry.npmjs.org/@schematics/angular/-/angular-0.7.4.tgz",
          "integrity": "sha512-/KJH5fPv+40VdadWmVnXR2GlvFZKYH01eYw7XOi77gXM896gk2tGlWmm+6RjUaVyec49ivusmmhRJEjiTyA7NA=="
        },
        "typescript": {
          "version": "2.6.2",
          "resolved": "https://registry.npmjs.org/typescript/-/typescript-2.6.2.tgz",
          "integrity": "sha1-PFtv1/beCRQmkCfwPAlGdY92c6Q="
        }
      }
    },
    "@angular/router": {
      "version": "6.1.3",
      "resolved": "https://registry.npmjs.org/@angular/router/-/router-6.1.3.tgz",
      "integrity": "sha512-6sb1yH/a2CACcbXZ6d+PYWGgwV3BXupCQXBd8Q5h7o3/r5zz18VATdRqBWtSIOmFr11wekJrGGRMxDCpTDlXvg=="
    },
    "@angular/service-worker": {
      "version": "6.1.3",
      "resolved": "https://registry.npmjs.org/@angular/service-worker/-/service-worker-6.1.3.tgz",
      "integrity": "sha512-V3uJCV8nTG1YIUccGeSYG4GL9UleNSbUvRWsT6ELq+9AzdSh6cOlWXSmS+Wk3eQ7HThO3qXWQ3EcjvH8P5TavA=="
    },
    "@types/jasmine": {
      "version": "2.8.8",
      "resolved": "https://registry.npmjs.org/@types/jasmine/-/jasmine-2.8.8.tgz",
      "integrity": "sha512-OJSUxLaxXsjjhob2DBzqzgrkLmukM3+JMpRp0r0E4HTdT1nwDCWhaswjYxazPij6uOdzHCJfNbDjmQ1/rnNbCg==",
      "dev": true
    },
    "@types/jasminewd2": {
      "version": "2.0.3",
      "resolved": "https://registry.npmjs.org/@types/jasminewd2/-/jasminewd2-2.0.3.tgz",
      "integrity": "sha512-hYDVmQZT5VA2kigd4H4bv7vl/OhlympwREUemqBdOqtrYTo5Ytm12a5W5/nGgGYdanGVxj0x/VhZ7J3hOg/YKg==",
      "dev": true
    },
    "@types/node": {
      "version": "8.9.5",
      "resolved": "https://registry.npmjs.org/@types/node/-/node-8.9.5.tgz",
      "integrity": "sha512-jRHfWsvyMtXdbhnz5CVHxaBgnV6duZnPlQuRSo/dm/GnmikNcmZhxIES4E9OZjUmQ8C+HCl4KJux+cXN/ErGDQ==",
      "dev": true
    },
    "angular-cli-ghpages": {
      "version": "0.5.3",
      "resolved": "https://registry.npmjs.org/angular-cli-ghpages/-/angular-cli-ghpages-0.5.3.tgz",
      "integrity": "sha512-6ttpK5gghBXaWVnfXV9Ol0LRFwbmLwKPykjGn3HsHHyAENhJ5aGUSO89TlgOJWHaVW0x57SH3HHZr6wgSnw4/g==",
      "dev": true,
      "dependencies": {
        "commander": {
          "version": "2.9.0",
          "resolved": "https://registry.npmjs.org/commander/-/commander-2.9.0.tgz",
          "integrity": "sha1-nJkJQXbhIkDLItbFFGCYQA/g99Q="
        }
      }
    },
    "bootstrap": {
      "version": "4.1.1",
      "resolved": "https://registry.npmjs.org/bootstrap/-/bootstrap-4.1.1.tgz",
      "integrity": "sha512-SpiDSOcbg4J/PjVSt4ny5eY6j74VbVSjROY4Fb/WIUXBV9cnb5luyR4KnPvNoXuGnBK1T+nJIWqRsvU3yP8Mcg=="
    },
    "codelyzer": {
      "version": "4.2.1",
      "resolved": "https://registry.npmjs.org/codelyzer/-/codelyzer-4.2.1.tgz",
      "integrity": "sha512-CKwfgpfkqi9dyzy4s6ELaxJ54QgJ6A8iTSsM4bzHbLuTpbKncvNc3DUlCvpnkHBhK47gEf4qFsWoYqLrJPhy6g==",
      "dev": true
    },
    "core-js": {
      "version": "2.5.7",
      "resolved": "https://registry.npmjs.org/core-js/-/core-js-2.5.7.tgz",
      "integrity": "sha512-RszJCAxg/PP6uzXVXL6BsxSXx/B05oJAQ2vkJRjyjrEcNVycaqOmNb5OTxZPE3xa5gwZduqza6L9JOCenh/Ecw=="
    },
    "font-awesome": {
      "version": "4.7.0",
      "resolved": "https://registry.npmjs.org/font-awesome/-/font-awesome-4.7.0.tgz",
      "integrity": "sha1-j6jPBBGhoxr9B7BtKQK7n8gVoTM="
    },
    "jasmine-core": {
      "version": "2.99.1",
      "resolved": "https://registry.npmjs.org/jasmine-core/-/jasmine-core-2.99.1.tgz",
      "integrity": "sha1-5kAN8ea1bhMLYcS80JPap/boyhU=",
      "dev": true
    },
    "jasmine-spec-reporter": {
      "version": "4.2.1",
      "resolved": "https://registry.npmjs.org/jasmine-spec-reporter/-/jasmine-spec-reporter-4.2.1.tgz",
      "integrity": "sha512-FZBoZu7VE5nR7Nilzy+Np8KuVIOxF4oXDPDknehCYBDE080EnlPu0afdZNmpGDBRCUBv3mj5qgqCRmk6W/K8vg==",
      "dev": true
    },
    "jquery": {
      "version": "3.5.0",
      "resolved": "https://registry.npmjs.org/jquery/-/jquery-3.5.0.tgz",
      "integrity": "sha512-Xb7SVYMvygPxbFMpTFQiHh1J7HClEaThguL15N/Gg37Lri/qKyhRGZYzHRyLH8Stq3Aow0LsHO2O2ci86fCrNQ=="
    },
    "karma": {
      "version": "1.7.1",
      "resolved": "https://registry.npmjs.org/karma/-/karma-1.7.1.tgz",
      "integrity": "sha512-k5pBjHDhmkdaUccnC7gE3mBzZjcxyxYsYVaqiL2G5AqlfLyBO5nw2VdNK+O16cveEPd/gIOWULH7gkiYYwVNHg==",
      "dev": true,
      "dependencies": {
        "anymatch": {
          "version": "1.3.2",
          "resolved": "https://registry.npmjs.org/anymatch/-/anymatch-1.3.2.tgz",
          "integrity": "sha512-0XNayC8lTHQ2OI8aljNCN3sSx6hsr/1+rlcDAotXJR7C1oZZHCNsfpbKwMjRA3Uqb5tF1Rae2oloTr4xpq+WjA=="
        },
        "arr-diff": {
          "version": "2.0.0",
          "resolved": "https://registry.npmjs.org/arr-diff/-/arr-diff-2.0.0.tgz",
          "integrity": "sha1-jzuCf5Vai9ZpaX5KQlasPOrjVs8="
        },
        "array-unique": {
          "version": "0.2.1",
          "resolved": "https://registry.npmjs.org/array-unique/-/array-unique-0.2.1.tgz",
          "integrity": "sha1-odl8yvy8JiXMcPrc6zalDFiwGlM="
        },
        "braces": {
          "version": "1.8.5",
          "resolved": "https://registry.npmjs.org/braces/-/braces-1.8.5.tgz",
          "integrity": "sha1-uneWLhLf+WnWt2cR6RS3N4V79qc="
        },
        "chokidar": {
          "version": "1.7.0",
          "resolved": "https://registry.npmjs.org/chokidar/-/chokidar-1.7.0.tgz",
          "integrity": "sha1-eY5ol3gVHIB2tLNg5e3SjNortGg="
        },
        "expand-brackets": {
          "version": "0.1.5",
          "resolved": "https://registry.npmjs.org/expand-brackets/-/expand-brackets-0.1.5.tgz",
          "integrity": "sha1-3wcoTjQqgHzXM6xa9yQR5YHRF3s="
        },
        "extglob": {
          "version": "0.3.2",
          "resolved": "https://registry.npmjs.org/extglob/-/extglob-0.3.2.tgz",
          "integrity": "sha1-Lhj/PS9JqydlzskCPwEdqo2DSaE="
        },
        "glob-parent": {
          "version": "2.0.0",
          "resolved": "https://registry.npmjs.org/glob-parent/-/glob-parent-2.0.0.tgz",
          "integrity": "sha1-gTg9ctsFT8zPUzbaqQLxgvbtuyg="
        },
        "is-extglob": {
          "version": "1.0.0",
          "resolved": "https://registry.npmjs.org/is-extglob/-/is-extglob-1.0.0.tgz",
          "integrity": "sha1-rEaBd8SUNAWgkvyPKXYMb/xiBsA="
        },
        "is-glob": {
          "version": "2.0.1",
          "resolved": "https://registry.npmjs.org/is-glob/-/is-glob-2.0.1.tgz",
          "integrity": "sha1-0Jb5JqPe1WAPP9/ZEZjLCIjC2GM="
        },
        "kind-of": {
          "version": "3.2.2",
          "resolved": "https://registry.npmjs.org/kind-of/-/kind-of-3.2.2.tgz",
          "integrity": "sha1-MeohpzS6ubuw8yRm2JOupR5KPGQ="
        },
        "lodash": {
          "version": "3.10.1",
          "resolved": "https://registry.npmjs.org/lodash/-/lodash-3.10.1.tgz",
          "integrity": "sha1-W/Rejkm6QYnhfUgnid/RW9FAt7Y="
        },
        "micromatch": {
          "version": "2.3.11",
          "resolved": "https://registry.npmjs.org/micromatch/-/micromatch-2.3.11.tgz",
          "integrity": "sha1-hmd8l9FyCzY0MdBNDRUpO9OMFWU="
        }
      }
    },
    "karma-chrome-launcher": {
      "version": "2.2.0",
      "resolved": "https://registry.npmjs.org/karma-chrome-launcher/-/karma-chrome-launcher-2.2.0.tgz",
      "integrity": "sha512-uf/ZVpAabDBPvdPdveyk1EPgbnloPvFFGgmRhYLTDH7gEB4nZdSBk8yTU47w1g/drLSx5uMOkjKk7IWKfWg/+w==",
      "dev": true
    },
    "karma-coverage-istanbul-reporter": {
      "version": "2.0.1",
      "resolved": "https://registry.npmjs.org/karma-coverage-istanbul-reporter/-/karma-coverage-istanbul-reporter-2.0.1.tgz",
      "integrity": "sha512-UcgrHkFehI5+ivMouD8NH/UOHiX4oCAtwaANylzPFdcAuD52fnCUuelacq2gh8tZ4ydhU3+xiXofSq7j5Ehygw==",
      "dev": true
    },
    "karma-jasmine": {
      "version": "1.1.2",
      "resolved": "https://registry.npmjs.org/karma-jasmine/-/karma-jasmine-1.1.2.tgz",
      "integrity": "sha1-OU8rJf+0pkS5rabyLUQ+L9CIhsM=",
      "dev": true
    },
    "karma-jasmine-html-reporter": {
      "version": "0.2.2",
      "resolved": "https://registry.npmjs.org/karma-jasmine-html-reporter/-/karma-jasmine-html-reporter-0.2.2.tgz",
      "integrity": "sha1-SKjl7xiAdhfuK14zwRlMNbQ5Ukw=",
      "dev": true
    },
    "ngx-bootstrap": {
      "version": "3.0.1",
      "resolved": "https://registry.npmjs.org/ngx-bootstrap/-/ngx-bootstrap-3.0.1.tgz",
      "integrity": "sha512-ni91yYtn8ldgf/pxrlwl9lkVcLURGzopSpJnEbbgG1v1EZWTobI8y7J3mx4Kxptkn0EeiQwnLel67G7XJSox4A=="
    },
    "normalize.css": {
      "version": "8.0.0",
      "resolved": "https://registry.npmjs.org/normalize.css/-/normalize.css-8.0.0.tgz",
      "integrity": "sha512-iXcbM3NWr0XkNyfiSBsoPezi+0V92P9nj84yVV1/UZxRUrGczgX/X91KMAGM0omWLY2+2Q1gKD/XRn4gQRDB2A=="
    },
    "popper.js": {
      "version": "1.14.4",
      "resolved": "https://registry.npmjs.org/popper.js/-/popper.js-1.14.4.tgz",
      "integrity": "sha1-juwdj/AqWjoVLdQ0FKFce3n9abY="
    },
    "protractor": {
      "version": "5.3.2",
      "resolved": "https://registry.npmjs.org/protractor/-/protractor-5.3.2.tgz",
      "integrity": "sha512-pw4uwwiy5lHZjIguxNpkEwJJa7hVz+bJsvaTI+IbXlfn2qXwzbF8eghW/RmrZwE2sGx82I8etb8lVjQ+JrjejA==",
      "dev": true,
      "dependencies": {
        "@types/node": {
          "version": "6.0.116",
          "resolved": "https://registry.npmjs.org/@types/node/-/node-6.0.116.tgz",
          "integrity": "sha512-vToa8YEeulfyYg1gSOeHjvvIRqrokng62VMSj2hoZrwZNcYrp2h3AWo6KeBVuymIklQUaY5zgVJvVsC4KiiLkQ=="
        },
        "adm-zip": {
          "version": "0.4.11",
          "resolved": "https://registry.npmjs.org/adm-zip/-/adm-zip-0.4.11.tgz",
          "integrity": "sha512-L8vcjDTCOIJk7wFvmlEUN7AsSb8T+2JrdP7KINBjzr24TJ5Mwj590sLu3BC7zNZowvJWa/JtPmD8eJCzdtDWjA=="
        },
        "ansi-styles": {
          "version": "2.2.1",
          "resolved": "https://registry.npmjs.org/ansi-styles/-/ansi-styles-2.2.1.tgz",
          "integrity": "sha1-tDLdM1i2NM914eRmQ2gkBTPB3b4="
        },
        "chalk": {
          "version": "1.1.3",
          "resolved": "https://registry.npmjs.org/chalk/-/chalk-1.1.3.tgz",
          "integrity": "sha1-qBFcVeSnAv5NFQq9OHKCKn4J/Jg="
        },
        "del": {
          "version": "2.2.2",
          "resolved": "https://registry.npmjs.org/del/-/del-2.2.2.tgz",
          "integrity": "sha1-wSyYHQZ4RshLyvhiz/kw2Qf/0ag="
        },
        "globby": {
          "version": "5.0.0",
          "resolved": "https://registry.npmjs.org/globby/-/globby-5.0.0.tgz",
          "integrity": "sha1-69hGZ8oNuzMLmbz8aOrCvFQ3Dg0="
        },
        "minimist": {
          "version": "1.2.0",
          "resolved": "https://registry.npmjs.org/minimist/-/minimist-1.2.0.tgz",
          "integrity": "sha1-o1AIsg9BOD7sH7kU9M1d95omQoQ="
        },
        "pify": {
          "version": "2.3.0",
          "resolved": "https://registry.npmjs.org/pify/-/pify-2.3.0.tgz",
          "integrity": "sha1-7RQaasBDqEnqWISY59yosVMw6Qw="
        },
        "source-map-support": {
          "version": "0.4.18",
          "resolved": "https://registry.npmjs.org/source-map-support/-/source-map-support-0.4.18.tgz",
          "integrity": "sha512-try0/JqxPLF9nOjvSta7tVondkP5dwgyLDjVoyMDlmjugT2lRZ1OfsrYTkCd2hkDnJTKRbO/Rl3orm8vlsUzbA=="
        },
        "supports-color": {
          "version": "2.0.0",
          "resolved": "https://registry.npmjs.org/supports-color/-/supports-color-2.0.0.tgz",
          "integrity": "sha1-U10EXOa2Nj+kARcIRimZXp3zJMc="
        },
        "webdriver-manager": {
          "version": "12.1.0",
          "resolved": "https://registry.npmjs.org/webdriver-manager/-/webdriver-manager-12.1.0.tgz",
          "integrity": "sha512-oEc5fmkpz6Yh6udhwir5m0eN5mgRPq9P/NU5YWuT3Up5slt6Zz+znhLU7q4+8rwCZz/Qq3Fgpr/4oao7NPCm2A=="
        }
      }
    },
    "rxjs": {
      "version": "6.2.2",
      "resolved": "https://registry.npmjs.org/rxjs/-/rxjs-6.2.2.tgz",
      "integrity": "sha512-0MI8+mkKAXZUF9vMrEoPnaoHkfzBPP4IGwUYRJhIRJF6/w3uByO1e91bEHn8zd43RdkTMKiooYKmwz7RH6zfOQ=="
    },
    "ts-node": {
      "version": "5.0.1",
      "resolved": "https://registry.npmjs.org/ts-node/-/ts-node-5.0.1.tgz",
      "integrity": "sha512-XK7QmDcNHVmZkVtkiwNDWiERRHPyU8nBqZB1+iv2UhOG0q3RQ9HsZ2CMqISlFbxjrYFGfG2mX7bW4dAyxBVzUw==",
      "dev": true,
      "dependencies": {
        "minimist": {
          "version": "1.2.0",
          "resolved": "https://registry.npmjs.org/minimist/-/minimist-1.2.0.tgz",
          "integrity": "sha1-o1AIsg9BOD7sH7kU9M1d95omQoQ="
        }
      }
    },
    "tslint": {
      "version": "5.9.1",
      "resolved": "https://registry.npmjs.org/tslint/-/tslint-5.9.1.tgz",
      "integrity": "sha1-ElX4ej/1frCw4fDmEKi0dIBGya4=",
      "dev": true,
      "dependencies": {
        "resolve": {
          "version": "1.8.1",
          "resolved": "https://registry.npmjs.org/resolve/-/resolve-1.8.1.tgz",
          "integrity": "sha512-AicPrAC7Qu1JxPCZ9ZgCZlY35QgFnNqc+0LtbRNxnVw4TXvjQ72wnuL9JQcEBgXkI9JM8MsT9kaQoHcpCRJOYA=="
        }
      }
    },
    "typescript": {
      "version": "2.7.2",
      "resolved": "https://registry.npmjs.org/typescript/-/typescript-2.7.2.tgz",
      "integrity": "sha512-p5TCYZDAO0m4G344hD+wx/LATebLWZNkkh2asWUFqSsD2OrDNhbAHuSjobrmsUmdzjJjEeZVU9g1h3O6vpstnw==",
      "dev": true
    },
    "zone.js": {
      "version": "0.8.26",
      "resolved": "https://registry.npmjs.org/zone.js/-/zone.js-0.8.26.tgz",
      "integrity": "sha512-W9Nj+UmBJG251wkCacIkETgra4QgBo/vgoEkb4a2uoLzpQG7qF9nzwoLXWU5xj3Fg2mxGvEDh47mg24vXccYjA=="
    }
  }
}
